
Microsoft Visual Studio Solution File, Format Version 12.00
# Visual Studio 15
VisualStudioVersion = 15.0.27004.2006
MinimumVisualStudioVersion = 10.0.40219.1
Project("{FAE04EC0-301F-11D3-BF4B-00C04F79EFBC}") = "IT232_Williams_Unit3_Exercise2_C", "IT232_Williams_Unit3_Exercise2_C\IT232_Williams_Unit3_Exercise2_C.csproj", "{109DCCFD-27B8-4687-AD5A-42FB8E53FFE5}"
EndProject
Global
	GlobalSection(SolutionConfigurationPlatforms) = preSolution
		Debug|Any CPU = Debug|Any CPU
		Release|Any CPU = Release|Any CPU
	EndGlobalSection
	GlobalSection(ProjectConfigurationPlatforms) = postSolution
		{109DCCFD-27B8-4687-AD5A-42FB8E53FFE5}.Debug|Any CPU.ActiveCfg = Debug|Any CPU
		{109DCCFD-27B8-4687-AD5A-42FB8E53FFE5}.Debug|Any CPU.Build.0 = Debug|Any CPU
		{109DCCFD-27B8-4687-AD5A-42FB8E53FFE5}.Release|Any CPU.ActiveCfg = Release|Any CPU
		{109DCCFD-27B8-4687-AD5A-42FB8E53FFE5}.Release|Any CPU.Build.0 = Release|Any CPU
	EndGlobalSection
	GlobalSection(SolutionProperties) = preSolution
		HideSolutionNode = FALSE
	EndGlobalSection
	GlobalSection(ExtensibilityGlobals) = postSolution
		SolutionGuid = {1394D759-1CCA-4376-AAE4-284966E62B4B}
	EndGlobalSection
EndGlobal
