
Microsoft Visual Studio Solution File, Format Version 12.00
# Visual Studio 15
VisualStudioVersion = 15.0.27004.2006
MinimumVisualStudioVersion = 10.0.40219.1
Project("{FAE04EC0-301F-11D3-BF4B-00C04F79EFBC}") = "IT232_Williams_Unit3_Exercise0_C", "IT232_Williams_Unit3_Exercise0_C\IT232_Williams_Unit3_Exercise0_C.csproj", "{972C10D5-F80C-4177-87A7-09D5C1030B3E}"
EndProject
Global
	GlobalSection(SolutionConfigurationPlatforms) = preSolution
		Debug|Any CPU = Debug|Any CPU
		Release|Any CPU = Release|Any CPU
	EndGlobalSection
	GlobalSection(ProjectConfigurationPlatforms) = postSolution
		{972C10D5-F80C-4177-87A7-09D5C1030B3E}.Debug|Any CPU.ActiveCfg = Debug|Any CPU
		{972C10D5-F80C-4177-87A7-09D5C1030B3E}.Debug|Any CPU.Build.0 = Debug|Any CPU
		{972C10D5-F80C-4177-87A7-09D5C1030B3E}.Release|Any CPU.ActiveCfg = Release|Any CPU
		{972C10D5-F80C-4177-87A7-09D5C1030B3E}.Release|Any CPU.Build.0 = Release|Any CPU
	EndGlobalSection
	GlobalSection(SolutionProperties) = preSolution
		HideSolutionNode = FALSE
	EndGlobalSection
	GlobalSection(ExtensibilityGlobals) = postSolution
		SolutionGuid = {B84C1CAF-ADFE-4649-939F-792D164D42BA}
	EndGlobalSection
EndGlobal
