
Microsoft Visual Studio Solution File, Format Version 12.00
# Visual Studio 15
VisualStudioVersion = 15.0.27428.2015
MinimumVisualStudioVersion = 10.0.40219.1
Project("{FAE04EC0-301F-11D3-BF4B-00C04F79EFBC}") = "IT232_Williams_Unit5_Exercise5_C", "IT232_Williams_Unit5_Exercise5_C\IT232_Williams_Unit5_Exercise5_C.csproj", "{C9ECC6AE-2058-4DA0-B427-D3D654F2E58E}"
EndProject
Global
	GlobalSection(SolutionConfigurationPlatforms) = preSolution
		Debug|Any CPU = Debug|Any CPU
		Release|Any CPU = Release|Any CPU
	EndGlobalSection
	GlobalSection(ProjectConfigurationPlatforms) = postSolution
		{C9ECC6AE-2058-4DA0-B427-D3D654F2E58E}.Debug|Any CPU.ActiveCfg = Debug|Any CPU
		{C9ECC6AE-2058-4DA0-B427-D3D654F2E58E}.Debug|Any CPU.Build.0 = Debug|Any CPU
		{C9ECC6AE-2058-4DA0-B427-D3D654F2E58E}.Release|Any CPU.ActiveCfg = Release|Any CPU
		{C9ECC6AE-2058-4DA0-B427-D3D654F2E58E}.Release|Any CPU.Build.0 = Release|Any CPU
	EndGlobalSection
	GlobalSection(SolutionProperties) = preSolution
		HideSolutionNode = FALSE
	EndGlobalSection
	GlobalSection(ExtensibilityGlobals) = postSolution
		SolutionGuid = {A1548E86-6313-4D06-AB35-A349D0BD6302}
	EndGlobalSection
EndGlobal
