
Microsoft Visual Studio Solution File, Format Version 12.00
# Visual Studio 15
VisualStudioVersion = 15.0.27428.2015
MinimumVisualStudioVersion = 10.0.40219.1
Project("{FAE04EC0-301F-11D3-BF4B-00C04F79EFBC}") = "IT232_Williams_Unit5_Exercise6_C", "IT232_Williams_Unit5_Exercise6_C\IT232_Williams_Unit5_Exercise6_C.csproj", "{EBD71C37-90D7-4E95-8CB7-621F7463BE4E}"
EndProject
Global
	GlobalSection(SolutionConfigurationPlatforms) = preSolution
		Debug|Any CPU = Debug|Any CPU
		Release|Any CPU = Release|Any CPU
	EndGlobalSection
	GlobalSection(ProjectConfigurationPlatforms) = postSolution
		{EBD71C37-90D7-4E95-8CB7-621F7463BE4E}.Debug|Any CPU.ActiveCfg = Debug|Any CPU
		{EBD71C37-90D7-4E95-8CB7-621F7463BE4E}.Debug|Any CPU.Build.0 = Debug|Any CPU
		{EBD71C37-90D7-4E95-8CB7-621F7463BE4E}.Release|Any CPU.ActiveCfg = Release|Any CPU
		{EBD71C37-90D7-4E95-8CB7-621F7463BE4E}.Release|Any CPU.Build.0 = Release|Any CPU
	EndGlobalSection
	GlobalSection(SolutionProperties) = preSolution
		HideSolutionNode = FALSE
	EndGlobalSection
	GlobalSection(ExtensibilityGlobals) = postSolution
		SolutionGuid = {C59873DD-8823-430B-A3AA-8171A4FC6FA7}
	EndGlobalSection
EndGlobal
