
Microsoft Visual Studio Solution File, Format Version 12.00
# Visual Studio 15
VisualStudioVersion = 15.0.27428.2015
MinimumVisualStudioVersion = 10.0.40219.1
Project("{FAE04EC0-301F-11D3-BF4B-00C04F79EFBC}") = "IT232_Williams_Unit5_Project_C", "IT232_Williams_Unit5_Project_C\IT232_Williams_Unit5_Project_C.csproj", "{403D9C68-BC09-4175-A81B-A8817E58FAD3}"
EndProject
Global
	GlobalSection(SolutionConfigurationPlatforms) = preSolution
		Debug|Any CPU = Debug|Any CPU
		Release|Any CPU = Release|Any CPU
	EndGlobalSection
	GlobalSection(ProjectConfigurationPlatforms) = postSolution
		{403D9C68-BC09-4175-A81B-A8817E58FAD3}.Debug|Any CPU.ActiveCfg = Debug|Any CPU
		{403D9C68-BC09-4175-A81B-A8817E58FAD3}.Debug|Any CPU.Build.0 = Debug|Any CPU
		{403D9C68-BC09-4175-A81B-A8817E58FAD3}.Release|Any CPU.ActiveCfg = Release|Any CPU
		{403D9C68-BC09-4175-A81B-A8817E58FAD3}.Release|Any CPU.Build.0 = Release|Any CPU
	EndGlobalSection
	GlobalSection(SolutionProperties) = preSolution
		HideSolutionNode = FALSE
	EndGlobalSection
	GlobalSection(ExtensibilityGlobals) = postSolution
		SolutionGuid = {3288D5BD-5EEF-4847-948F-C51F97E3814E}
	EndGlobalSection
EndGlobal
