
Microsoft Visual Studio Solution File, Format Version 12.00
# Visual Studio 15
VisualStudioVersion = 15.0.27428.2015
MinimumVisualStudioVersion = 10.0.40219.1
Project("{FAE04EC0-301F-11D3-BF4B-00C04F79EFBC}") = "IT232_Williams_Unit4_Exercise4_C", "IT232_Williams_Unit4_Exercise4_C\IT232_Williams_Unit4_Exercise4_C.csproj", "{BBE94CE8-2CD2-4DB6-AB8D-AA7F40DCF8E4}"
EndProject
Global
	GlobalSection(SolutionConfigurationPlatforms) = preSolution
		Debug|Any CPU = Debug|Any CPU
		Release|Any CPU = Release|Any CPU
	EndGlobalSection
	GlobalSection(ProjectConfigurationPlatforms) = postSolution
		{BBE94CE8-2CD2-4DB6-AB8D-AA7F40DCF8E4}.Debug|Any CPU.ActiveCfg = Debug|Any CPU
		{BBE94CE8-2CD2-4DB6-AB8D-AA7F40DCF8E4}.Debug|Any CPU.Build.0 = Debug|Any CPU
		{BBE94CE8-2CD2-4DB6-AB8D-AA7F40DCF8E4}.Release|Any CPU.ActiveCfg = Release|Any CPU
		{BBE94CE8-2CD2-4DB6-AB8D-AA7F40DCF8E4}.Release|Any CPU.Build.0 = Release|Any CPU
	EndGlobalSection
	GlobalSection(SolutionProperties) = preSolution
		HideSolutionNode = FALSE
	EndGlobalSection
	GlobalSection(ExtensibilityGlobals) = postSolution
		SolutionGuid = {AD1CCBCC-4C73-4743-B0D1-B600A50A2EB4}
	EndGlobalSection
EndGlobal
