
Microsoft Visual Studio Solution File, Format Version 12.00
# Visual Studio 15
VisualStudioVersion = 15.0.27428.2015
MinimumVisualStudioVersion = 10.0.40219.1
Project("{FAE04EC0-301F-11D3-BF4B-00C04F79EFBC}") = "IT232_Williams_Unit6_Exercise5_C", "IT232_Williams_Unit6_Exercise5_C\IT232_Williams_Unit6_Exercise5_C.csproj", "{634E4092-8109-427F-92B2-72D9E6069540}"
EndProject
Global
	GlobalSection(SolutionConfigurationPlatforms) = preSolution
		Debug|Any CPU = Debug|Any CPU
		Release|Any CPU = Release|Any CPU
	EndGlobalSection
	GlobalSection(ProjectConfigurationPlatforms) = postSolution
		{634E4092-8109-427F-92B2-72D9E6069540}.Debug|Any CPU.ActiveCfg = Debug|Any CPU
		{634E4092-8109-427F-92B2-72D9E6069540}.Debug|Any CPU.Build.0 = Debug|Any CPU
		{634E4092-8109-427F-92B2-72D9E6069540}.Release|Any CPU.ActiveCfg = Release|Any CPU
		{634E4092-8109-427F-92B2-72D9E6069540}.Release|Any CPU.Build.0 = Release|Any CPU
	EndGlobalSection
	GlobalSection(SolutionProperties) = preSolution
		HideSolutionNode = FALSE
	EndGlobalSection
	GlobalSection(ExtensibilityGlobals) = postSolution
		SolutionGuid = {5A7A986A-97AD-42DF-A417-2D7739F86E4B}
	EndGlobalSection
EndGlobal
