
Microsoft Visual Studio Solution File, Format Version 12.00
# Visual Studio 15
VisualStudioVersion = 15.0.27428.2015
MinimumVisualStudioVersion = 10.0.40219.1
Project("{FAE04EC0-301F-11D3-BF4B-00C04F79EFBC}") = "IT232_Williams_Unit6_Project_C", "IT232_Williams_Unit6_Project_C\IT232_Williams_Unit6_Project_C.csproj", "{B05F12AF-A5D0-4AEA-B664-DDD19AA65B5B}"
EndProject
Global
	GlobalSection(SolutionConfigurationPlatforms) = preSolution
		Debug|Any CPU = Debug|Any CPU
		Release|Any CPU = Release|Any CPU
	EndGlobalSection
	GlobalSection(ProjectConfigurationPlatforms) = postSolution
		{B05F12AF-A5D0-4AEA-B664-DDD19AA65B5B}.Debug|Any CPU.ActiveCfg = Debug|Any CPU
		{B05F12AF-A5D0-4AEA-B664-DDD19AA65B5B}.Debug|Any CPU.Build.0 = Debug|Any CPU
		{B05F12AF-A5D0-4AEA-B664-DDD19AA65B5B}.Release|Any CPU.ActiveCfg = Release|Any CPU
		{B05F12AF-A5D0-4AEA-B664-DDD19AA65B5B}.Release|Any CPU.Build.0 = Release|Any CPU
	EndGlobalSection
	GlobalSection(SolutionProperties) = preSolution
		HideSolutionNode = FALSE
	EndGlobalSection
	GlobalSection(ExtensibilityGlobals) = postSolution
		SolutionGuid = {C7784E02-4BA1-4E17-9EAF-69AC88A0410F}
	EndGlobalSection
EndGlobal
